
Microsoft Visual Studio Solution File, Format Version 12.00
# Visual Studio Version 17
VisualStudioVersion = 17.10.34928.147
MinimumVisualStudioVersion = 10.0.40219.1
Project("{FAE04EC0-301F-11D3-BF4B-00C04F79EFBC}") = "tp3", "tp3\tp3.csproj", "{B307FCF7-2FD7-4670-9B39-410BF1BF3950}"
EndProject
Global
	GlobalSection(SolutionConfigurationPlatforms) = preSolution
		Debug|Any CPU = Debug|Any CPU
		Release|Any CPU = Release|Any CPU
	EndGlobalSection
	GlobalSection(ProjectConfigurationPlatforms) = postSolution
		{B307FCF7-2FD7-4670-9B39-410BF1BF3950}.Debug|Any CPU.ActiveCfg = Debug|Any CPU
		{B307FCF7-2FD7-4670-9B39-410BF1BF3950}.Debug|Any CPU.Build.0 = Debug|Any CPU
		{B307FCF7-2FD7-4670-9B39-410BF1BF3950}.Release|Any CPU.ActiveCfg = Release|Any CPU
		{B307FCF7-2FD7-4670-9B39-410BF1BF3950}.Release|Any CPU.Build.0 = Release|Any CPU
	EndGlobalSection
	GlobalSection(SolutionProperties) = preSolution
		HideSolutionNode = FALSE
	EndGlobalSection
	GlobalSection(ExtensibilityGlobals) = postSolution
		SolutionGuid = {DFA732D1-3A3E-424C-9DB4-762DF18DE87E}
	EndGlobalSection
EndGlobal
